
Microsoft Visual Studio Solution File, Format Version 12.00
# Visual Studio Version 16
VisualStudioVersion = 16.0.36631.11
MinimumVisualStudioVersion = 10.0.40219.1
Project("{FAE04EC0-301F-11D3-BF4B-00C04F79EFBC}") = "Mee_Hotel", "Mee_Hotel\Mee_Hotel.csproj", "{015B5D3A-92A0-4B96-A160-4AC621EBB390}"
EndProject
Global
	GlobalSection(SolutionConfigurationPlatforms) = preSolution
		Debug|Any CPU = Debug|Any CPU
		Release|Any CPU = Release|Any CPU
	EndGlobalSection
	GlobalSection(ProjectConfigurationPlatforms) = postSolution
		{015B5D3A-92A0-4B96-A160-4AC621EBB390}.Debug|Any CPU.ActiveCfg = Debug|Any CPU
		{015B5D3A-92A0-4B96-A160-4AC621EBB390}.Debug|Any CPU.Build.0 = Debug|Any CPU
		{015B5D3A-92A0-4B96-A160-4AC621EBB390}.Release|Any CPU.ActiveCfg = Release|Any CPU
		{015B5D3A-92A0-4B96-A160-4AC621EBB390}.Release|Any CPU.Build.0 = Release|Any CPU
	EndGlobalSection
	GlobalSection(SolutionProperties) = preSolution
		HideSolutionNode = FALSE
	EndGlobalSection
	GlobalSection(ExtensibilityGlobals) = postSolution
		SolutionGuid = {74A278A1-5790-40E3-A602-901F6D03F2F7}
	EndGlobalSection
EndGlobal
